// !$*UTF8*$!
{
	archiveVersion = 1;
	classes = {
	};
	objectVersion = 46;
	objects = {

/* Begin PBXBuildFile section */
		3550C0DB1CBE8F320062C8CE /* AppDelegate.swift in Sources */ = {isa = PBXBuildFile; fileRef = 3550C0DA1CBE8F320062C8CE /* AppDelegate.swift */; };
		3550C0DD1CBE8F320062C8CE /* ViewController.swift in Sources */ = {isa = PBXBuildFile; fileRef = 3550C0DC1CBE8F320062C8CE /* ViewController.swift */; };
		3550C0E01CBE8F320062C8CE /* Main.storyboard in Resources */ = {isa = PBXBuildFile; fileRef = 3550C0DE1CBE8F320062C8CE /* Main.storyboard */; };
		3550C0E21CBE8F320062C8CE /* Assets.xcassets in Resources */ = {isa = PBXBuildFile; fileRef = 3550C0E11CBE8F320062C8CE /* Assets.xcassets */; };
		3550C0E51CBE8F320062C8CE /* LaunchScreen.storyboard in Resources */ = {isa = PBXBuildFile; fileRef = 3550C0E31CBE8F320062C8CE /* LaunchScreen.storyboard */; };
		3550C0ED1CBE8F890062C8CE /* ProgressHUD.swift in Sources */ = {isa = PBXBuildFile; fileRef = 3550C0EC1CBE8F890062C8CE /* ProgressHUD.swift */; };
/* End PBXBuildFile section */

/* Begin PBXFileReference section */
		3550C0D71CBE8F320062C8CE /* AndroidStyleProgressHUD.app */ = {isa = PBXFileReference; explicitFileType = wrapper.application; includeInIndex = 0; path = AndroidStyleProgressHUD.app; sourceTree = BUILT_PRODUCTS_DIR; };
		3550C0DA1CBE8F320062C8CE /* AppDelegate.swift */ = {isa = PBXFileReference; lastKnownFileType = sourcecode.swift; path = AppDelegate.swift; sourceTree = "<group>"; };
		3550C0DC1CBE8F320062C8CE /* ViewController.swift */ = {isa = PBXFileReference; lastKnownFileType = sourcecode.swift; path = ViewController.swift; sourceTree = "<group>"; };
		3550C0DF1CBE8F320062C8CE /* Base */ = {isa = PBXFileReference; lastKnownFileType = file.storyboard; name = Base; path = Base.lproj/Main.storyboard; sourceTree = "<group>"; };
		3550C0E11CBE8F320062C8CE /* Assets.xcassets */ = {isa = PBXFileReference; lastKnownFileType = folder.assetcatalog; path = Assets.xcassets; sourceTree = "<group>"; };
		3550C0E41CBE8F320062C8CE /* Base */ = {isa = PBXFileReference; lastKnownFileType = file.storyboard; name = Base; path = Base.lproj/LaunchScreen.storyboard; sourceTree = "<group>"; };
		3550C0E61CBE8F320062C8CE /* Info.plist */ = {isa = PBXFileReference; lastKnownFileType = text.plist.xml; path = Info.plist; sourceTree = "<group>"; };
		3550C0EC1CBE8F890062C8CE /* ProgressHUD.swift */ = {isa = PBXFileReference; fileEncoding = 4; lastKnownFileType = sourcecode.swift; path = ProgressHUD.swift; sourceTree = "<group>"; };
/* End PBXFileReference section */

/* Begin PBXFrameworksBuildPhase section */
		3550C0D41CBE8F320062C8CE /* Frameworks */ = {
			isa = PBXFrameworksBuildPhase;
			buildActionMask = 2147483647;
			files = (
			);
			runOnlyForDeploymentPostprocessing = 0;
		};
/* End PBXFrameworksBuildPhase section */

/* Begin PBXGroup section */
		3550C0CE1CBE8F320062C8CE = {
			isa = PBXGroup;
			children = (
				3550C0D91CBE8F320062C8CE /* AndroidStyleProgressHUD */,
				3550C0D81CBE8F320062C8CE /* Products */,
			);
			sourceTree = "<group>";
		};
		3550C0D81CBE8F320062C8CE /* Products */ = {
			isa = PBXGroup;
			children = (
				3550C0D71CBE8F320062C8CE /* AndroidStyleProgressHUD.app */,
			);
			name = Products;
			sourceTree = "<group>";
		};
		3550C0D91CBE8F320062C8CE /* AndroidStyleProgressHUD */ = {
			isa = PBXGroup;
			children = (
				3550C0DA1CBE8F320062C8CE /* AppDelegate.swift */,
				3550C0DC1CBE8F320062C8CE /* ViewController.swift */,
				3550C0DE1CBE8F320062C8CE /* Main.storyboard */,
				3550C0E11CBE8F320062C8CE /* Assets.xcassets */,
				3550C0E31CBE8F320062C8CE /* LaunchScreen.storyboard */,
				3550C0E61CBE8F320062C8CE /* Info.plist */,
				3550C0EC1CBE8F890062C8CE /* ProgressHUD.swift */,
			);
			path = AndroidStyleProgressHUD;
			sourceTree = "<group>";
		};
/* End PBXGroup section */

/* Begin PBXNativeTarget section */
		3550C0D61CBE8F320062C8CE /* AndroidStyleProgressHUD */ = {
			isa = PBXNativeTarget;
			buildConfigurationList = 3550C0E91CBE8F320062C8CE /* Build configuration list for PBXNativeTarget "AndroidStyleProgressHUD" */;
			buildPhases = (
				3550C0D31CBE8F320062C8CE /* Sources */,
				3550C0D41CBE8F320062C8CE /* Frameworks */,
				3550C0D51CBE8F320062C8CE /* Resources */,
			);
			buildRules = (
			);
			dependencies = (
			);
			name = AndroidStyleProgressHUD;
			productName = AndroidStyleProgressHUD;
			productReference = 3550C0D71CBE8F320062C8CE /* AndroidStyleProgressHUD.app */;
			productType = "com.apple.product-type.application";
		};
/* End PBXNativeTarget section */

/* Begin PBXProject section */
		3550C0CF1CBE8F320062C8CE /* Project object */ = {
			isa = PBXProject;
			attributes = {
				LastSwiftUpdateCheck = 0730;
				LastUpgradeCheck = 0730;
				ORGANIZATIONNAME = SherryTeam;
				TargetAttributes = {
					3550C0D61CBE8F320062C8CE = {
						CreatedOnToolsVersion = 7.3;
					};
				};
			};
			buildConfigurationList = 3550C0D21CBE8F320062C8CE /* Build configuration list for PBXProject "AndroidStyleProgressHUD" */;
			compatibilityVersion = "Xcode 3.2";
			developmentRegion = English;
			hasScannedForEncodings = 0;
			knownRegions = (
				en,
				Base,
			);
			mainGroup = 3550C0CE1CBE8F320062C8CE;
			productRefGroup = 3550C0D81CBE8F320062C8CE /* Products */;
			projectDirPath = "";
			projectRoot = "";
			targets = (
				3550C0D61CBE8F320062C8CE /* AndroidStyleProgressHUD */,
			);
		};
/* End PBXProject section */

/* Begin PBXResourcesBuildPhase section */
		3550C0D51CBE8F320062C8CE /* Resources */ = {
			isa = PBXResourcesBuildPhase;
			buildActionMask = 2147483647;
			files = (
				3550C0E51CBE8F320062C8CE /* LaunchScreen.storyboard in Resources */,
				3550C0E21CBE8F320062C8CE /* Assets.xcassets in Resources */,
				3550C0E01CBE8F320062C8CE /* Main.storyboard in Resources */,
			);
			runOnlyForDeploymentPostprocessing = 0;
		};
/* End PBXResourcesBuildPhase section */

/* Begin PBXSourcesBuildPhase section */
		3550C0D31CBE8F320062C8CE /* Sources */ = {
			isa = PBXSourcesBuildPhase;
			buildActionMask = 2147483647;
			files = (
				3550C0DD1CBE8F320062C8CE /* ViewController.swift in Sources */,
				3550C0DB1CBE8F320062C8CE /* AppDelegate.swift in Sources */,
				3550C0ED1CBE8F890062C8CE /* ProgressHUD.swift in Sources */,
			);
			runOnlyForDeploymentPostprocessing = 0;
		};
/* End PBXSourcesBuildPhase section */

/* Begin PBXVariantGroup section */
		3550C0DE1CBE8F320062C8CE /* Main.storyboard */ = {
			isa = PBXVariantGroup;
			children = (
				3550C0DF1CBE8F320062C8CE /* Base */,
			);
			name = Main.storyboard;
			sourceTree = "<group>";
		};
		3550C0E31CBE8F320062C8CE /* LaunchScreen.storyboard */ = {
			isa = PBXVariantGroup;
			children = (
				3550C0E41CBE8F320062C8CE /* Base */,
			);
			name = LaunchScreen.storyboard;
			sourceTree = "<group>";
		};
/* End PBXVariantGroup section */

/* Begin XCBuildConfiguration section */
		3550C0E71CBE8F320062C8CE /* Debug */ = {
			isa = XCBuildConfiguration;
			buildSettings = {
				ALWAYS_SEARCH_USER_PATHS = NO;
				CLANG_ANALYZER_NONNULL = YES;
				CLANG_CXX_LANGUAGE_STANDARD = "gnu++0x";
				CLANG_CXX_LIBRARY = "libc++";
				CLANG_ENABLE_MODULES = YES;
				CLANG_ENABLE_OBJC_ARC = YES;
				CLANG_WARN_BOOL_CONVERSION = YES;
				CLANG_WARN_CONSTANT_CONVERSION = YES;
				CLANG_WARN_DIRECT_OBJC_ISA_USAGE = YES_ERROR;
				CLANG_WARN_EMPTY_BODY = YES;
				CLANG_WARN_ENUM_CONVERSION = YES;
				CLANG_WARN_INT_CONVERSION = YES;
				CLANG_WARN_OBJC_ROOT_CLASS = YES_ERROR;
				CLANG_WARN_UNREACHABLE_CODE = YES;
				CLANG_WARN__DUPLICATE_METHOD_MATCH = YES;
				"CODE_SIGN_IDENTITY[sdk=iphoneos*]" = "iPhone Developer";
				COPY_PHASE_STRIP = NO;
				DEBUG_INFORMATION_FORMAT = dwarf;
				ENABLE_STRICT_OBJC_MSGSEND = YES;
				ENABLE_TESTABILITY = YES;
				GCC_C_LANGUAGE_STANDARD = gnu99;
				GCC_DYNAMIC_NO_PIC = NO;
				GCC_NO_COMMON_BLOCKS = YES;
				GCC_OPTIMIZATION_LEVEL = 0;
				GCC_PREPROCESSOR_DEFINITIONS = (
					"DEBUG=1",
					"$(inherited)",
				);
				GCC_WARN_64_TO_32_BIT_CONVERSION = YES;
				GCC_WARN_ABOUT_RETURN_TYPE = YES_ERROR;
				GCC_WARN_UNDECLARED_SELECTOR = YES;
				GCC_WARN_UNINITIALIZED_AUTOS = YES_AGGRESSIVE;
				GCC_WARN_UNUSED_FUNCTION = YES;
				GCC_WARN_UNUSED_VARIABLE = YES;
				IPHONEOS_DEPLOYMENT_TARGET = 9.3;
				MTL_ENABLE_DEBUG_INFO = YES;
				ONLY_ACTIVE_ARCH = YES;
				SDKROOT = iphoneos;
				SWIFT_OPTIMIZATION_LEVEL = "-Onone";
			};
			name = Debug;
		};
		3550C0E81CBE8F320062C8CE /* Release */ = {
			isa = XCBuildConfiguration;
			buildSettings = {
				ALWAYS_SEARCH_USER_PATHS = NO;
				CLANG_ANALYZER_NONNULL = YES;
				CLANG_CXX_LANGUAGE_STANDARD = "gnu++0x";
				CLANG_CXX_LIBRARY = "libc++";
				CLANG_ENABLE_MODULES = YES;
				CLANG_ENABLE_OBJC_ARC = YES;
				CLANG_WARN_BOOL_CONVERSION = YES;
				CLANG_WARN_CONSTANT_CONVERSION = YES;
				CLANG_WARN_DIRECT_OBJC_ISA_USAGE = YES_ERROR;
				CLANG_WARN_EMPTY_BODY = YES;
				CLANG_WARN_ENUM_CONVERSION = YES;
				CLANG_WARN_INT_CONVERSION = YES;
				CLANG_WARN_OBJC_ROOT_CLASS = YES_ERROR;
				CLANG_WARN_UNREACHABLE_CODE = YES;
				CLANG_WARN__DUPLICATE_METHOD_MATCH = YES;
				"CODE_SIGN_IDENTITY[sdk=iphoneos*]" = "iPhone Developer";
				COPY_PHASE_STRIP = NO;
				DEBUG_INFORMATION_FORMAT = "dwarf-with-dsym";
				ENABLE_NS_ASSERTIONS = NO;
				ENABLE_STRICT_OBJC_MSGSEND = YES;
				GCC_C_LANGUAGE_STANDARD = gnu99;
				GCC_NO_COMMON_BLOCKS = YES;
				GCC_WARN_64_TO_32_BIT_CONVERSION = YES;
				GCC_WARN_ABOUT_RETURN_TYPE = YES_ERROR;
				GCC_WARN_UNDECLARED_SELECTOR = YES;
				GCC_WARN_UNINITIALIZED_AUTOS = YES_AGGRESSIVE;
				GCC_WARN_UNUSED_FUNCTION = YES;
				GCC_WARN_UNUSED_VARIABLE = YES;
				IPHONEOS_DEPLOYMENT_TARGET = 9.3;
				MTL_ENABLE_DEBUG_INFO = NO;
				SDKROOT = iphoneos;
				VALIDATE_PRODUCT = YES;
			};
			name = Release;
		};
		3550C0EA1CBE8F320062C8CE /* Debug */ = {
			isa = XCBuildConfiguration;
			buildSettings = {
				ASSETCATALOG_COMPILER_APPICON_NAME = AppIcon;
				INFOPLIST_FILE = AndroidStyleProgressHUD/Info.plist;
				LD_RUNPATH_SEARCH_PATHS = "$(inherited) @executable_path/Frameworks";
				PRODUCT_BUNDLE_IDENTIFIER = com.SherryTeam.AndroidStyleProgressHUD;
				PRODUCT_NAME = "$(TARGET_NAME)";
			};
			name = Debug;
		};
		3550C0EB1CBE8F320062C8CE /* Release */ = {
			isa = XCBuildConfiguration;
			buildSettings = {
				ASSETCATALOG_COMPILER_APPICON_NAME = AppIcon;
				INFOPLIST_FILE = AndroidStyleProgressHUD/Info.plist;
				LD_RUNPATH_SEARCH_PATHS = "$(inherited) @executable_path/Frameworks";
				PRODUCT_BUNDLE_IDENTIFIER = com.SherryTeam.AndroidStyleProgressHUD;
				PRODUCT_NAME = "$(TARGET_NAME)";
			};
			name = Release;
		};
/* End XCBuildConfiguration section */

/* Begin XCConfigurationList section */
		3550C0D21CBE8F320062C8CE /* Build configuration list for PBXProject "AndroidStyleProgressHUD" */ = {
			isa = XCConfigurationList;
			buildConfigurations = (
				3550C0E71CBE8F320062C8CE /* Debug */,
				3550C0E81CBE8F320062C8CE /* Release */,
			);
			defaultConfigurationIsVisible = 0;
			defaultConfigurationName = Release;
		};
		3550C0E91CBE8F320062C8CE /* Build configuration list for PBXNativeTarget "AndroidStyleProgressHUD" */ = {
			isa = XCConfigurationList;
			buildConfigurations = (
				3550C0EA1CBE8F320062C8CE /* Debug */,
				3550C0EB1CBE8F320062C8CE /* Release */,
			);
			defaultConfigurationIsVisible = 0;
		};
/* End XCConfigurationList section */
	};
	rootObject = 3550C0CF1CBE8F320062C8CE /* Project object */;
}
